
Microsoft Visual Studio Solution File, Format Version 12.00
# Visual Studio Version 17
VisualStudioVersion = 17.4.33122.133
MinimumVisualStudioVersion = 10.0.40219.1
Project("{8BC9CEB8-8B4A-11D0-8D11-00A0C91BC942}") = "ss6sdk_for_s3d", "ss6sdk_for_s3d\ss6sdk_for_s3d.vcxproj", "{97B2E326-D701-4EBA-AF87-AF03BE740B60}"
EndProject
Project("{8BC9CEB8-8B4A-11D0-8D11-00A0C91BC942}") = "XMLViewer", "XMLViewer\XMLViewer.vcxproj", "{B6361E58-7B98-4565-97B5-2E78DA8E1C64}"
EndProject
Global
	GlobalSection(SolutionConfigurationPlatforms) = preSolution
		Debug|x64 = Debug|x64
		Release|x64 = Release|x64
		USE_SAMPLE_MAIN|x64 = USE_SAMPLE_MAIN|x64
		USE_TEST_MAIN|x64 = USE_TEST_MAIN|x64
	EndGlobalSection
	GlobalSection(ProjectConfigurationPlatforms) = postSolution
		{97B2E326-D701-4EBA-AF87-AF03BE740B60}.Debug|x64.ActiveCfg = Debug|x64
		{97B2E326-D701-4EBA-AF87-AF03BE740B60}.Debug|x64.Build.0 = Debug|x64
		{97B2E326-D701-4EBA-AF87-AF03BE740B60}.Release|x64.ActiveCfg = Release|x64
		{97B2E326-D701-4EBA-AF87-AF03BE740B60}.Release|x64.Build.0 = Release|x64
		{97B2E326-D701-4EBA-AF87-AF03BE740B60}.USE_SAMPLE_MAIN|x64.ActiveCfg = USE_SAMPLE_MAIN|x64
		{97B2E326-D701-4EBA-AF87-AF03BE740B60}.USE_SAMPLE_MAIN|x64.Build.0 = USE_SAMPLE_MAIN|x64
		{97B2E326-D701-4EBA-AF87-AF03BE740B60}.USE_TEST_MAIN|x64.ActiveCfg = USE_TEST_MAIN|x64
		{97B2E326-D701-4EBA-AF87-AF03BE740B60}.USE_TEST_MAIN|x64.Build.0 = USE_TEST_MAIN|x64
		{B6361E58-7B98-4565-97B5-2E78DA8E1C64}.Debug|x64.ActiveCfg = Debug|x64
		{B6361E58-7B98-4565-97B5-2E78DA8E1C64}.Debug|x64.Build.0 = Debug|x64
		{B6361E58-7B98-4565-97B5-2E78DA8E1C64}.Release|x64.ActiveCfg = Release|x64
		{B6361E58-7B98-4565-97B5-2E78DA8E1C64}.Release|x64.Build.0 = Release|x64
		{B6361E58-7B98-4565-97B5-2E78DA8E1C64}.USE_SAMPLE_MAIN|x64.ActiveCfg = Debug|x64
		{B6361E58-7B98-4565-97B5-2E78DA8E1C64}.USE_SAMPLE_MAIN|x64.Build.0 = Debug|x64
		{B6361E58-7B98-4565-97B5-2E78DA8E1C64}.USE_TEST_MAIN|x64.ActiveCfg = Debug|x64
		{B6361E58-7B98-4565-97B5-2E78DA8E1C64}.USE_TEST_MAIN|x64.Build.0 = Debug|x64
	EndGlobalSection
	GlobalSection(SolutionProperties) = preSolution
		HideSolutionNode = FALSE
	EndGlobalSection
	GlobalSection(ExtensibilityGlobals) = postSolution
		SolutionGuid = {A63EEDBD-C5F8-4B2A-BCF3-70409B1EF4B7}
	EndGlobalSection
EndGlobal
